// !$*UTF8*$!
{
	archiveVersion = 1;
	classes = {
	};
	objectVersion = 50;
	objects = {

/* Begin PBXBuildFile section */
<<<<<<< HEAD
		C17F09E3245CBA5100C814A2 /* CommunityViewController.swift in Sources */ = {isa = PBXBuildFile; fileRef = C17F09E2245CBA5100C814A2 /* CommunityViewController.swift */; };
=======
>>>>>>> master
		D86EFD8E245A72F100809496 /* AppDelegate.swift in Sources */ = {isa = PBXBuildFile; fileRef = D86EFD8D245A72F100809496 /* AppDelegate.swift */; };
		D86EFD90245A72F100809496 /* SceneDelegate.swift in Sources */ = {isa = PBXBuildFile; fileRef = D86EFD8F245A72F100809496 /* SceneDelegate.swift */; };
		D86EFD92245A72F100809496 /* ViewController.swift in Sources */ = {isa = PBXBuildFile; fileRef = D86EFD91245A72F100809496 /* ViewController.swift */; };
		D86EFD98245A72F100809496 /* MovieClub.xcdatamodeld in Sources */ = {isa = PBXBuildFile; fileRef = D86EFD96245A72F100809496 /* MovieClub.xcdatamodeld */; };
		D86EFD9A245A72F400809496 /* Assets.xcassets in Resources */ = {isa = PBXBuildFile; fileRef = D86EFD99245A72F400809496 /* Assets.xcassets */; };
		D86EFD9D245A72F400809496 /* LaunchScreen.storyboard in Resources */ = {isa = PBXBuildFile; fileRef = D86EFD9B245A72F400809496 /* LaunchScreen.storyboard */; };
		D86EFDA5245A9B6900809496 /* Main.storyboard in Resources */ = {isa = PBXBuildFile; fileRef = D86EFDA4245A9B6900809496 /* Main.storyboard */; };
/* End PBXBuildFile section */

/* Begin PBXFileReference section */
<<<<<<< HEAD
		C17F09E2245CBA5100C814A2 /* CommunityViewController.swift */ = {isa = PBXFileReference; lastKnownFileType = sourcecode.swift; path = CommunityViewController.swift; sourceTree = "<group>"; };
=======
>>>>>>> master
		D86EFD8A245A72F100809496 /* MovieClub.app */ = {isa = PBXFileReference; explicitFileType = wrapper.application; includeInIndex = 0; path = MovieClub.app; sourceTree = BUILT_PRODUCTS_DIR; };
		D86EFD8D245A72F100809496 /* AppDelegate.swift */ = {isa = PBXFileReference; lastKnownFileType = sourcecode.swift; path = AppDelegate.swift; sourceTree = "<group>"; };
		D86EFD8F245A72F100809496 /* SceneDelegate.swift */ = {isa = PBXFileReference; lastKnownFileType = sourcecode.swift; path = SceneDelegate.swift; sourceTree = "<group>"; };
		D86EFD91245A72F100809496 /* ViewController.swift */ = {isa = PBXFileReference; lastKnownFileType = sourcecode.swift; path = ViewController.swift; sourceTree = "<group>"; };
		D86EFD97245A72F100809496 /* MovieClub.xcdatamodel */ = {isa = PBXFileReference; lastKnownFileType = wrapper.xcdatamodel; path = MovieClub.xcdatamodel; sourceTree = "<group>"; };
		D86EFD99245A72F400809496 /* Assets.xcassets */ = {isa = PBXFileReference; lastKnownFileType = folder.assetcatalog; path = Assets.xcassets; sourceTree = "<group>"; };
		D86EFD9C245A72F400809496 /* Base */ = {isa = PBXFileReference; lastKnownFileType = file.storyboard; name = Base; path = Base.lproj/LaunchScreen.storyboard; sourceTree = "<group>"; };
		D86EFD9E245A72F400809496 /* Info.plist */ = {isa = PBXFileReference; lastKnownFileType = text.plist.xml; path = Info.plist; sourceTree = "<group>"; };
		D86EFDA4245A9B6900809496 /* Main.storyboard */ = {isa = PBXFileReference; fileEncoding = 4; lastKnownFileType = file.storyboard; path = Main.storyboard; sourceTree = "<group>"; };
/* End PBXFileReference section */

/* Begin PBXFrameworksBuildPhase section */
		D86EFD87245A72F100809496 /* Frameworks */ = {
			isa = PBXFrameworksBuildPhase;
			buildActionMask = 2147483647;
			files = (
			);
			runOnlyForDeploymentPostprocessing = 0;
		};
/* End PBXFrameworksBuildPhase section */

/* Begin PBXGroup section */
		D86EFD81245A72F100809496 = {
			isa = PBXGroup;
			children = (
				D86EFD8C245A72F100809496 /* MovieClub */,
				D86EFD8B245A72F100809496 /* Products */,
			);
			sourceTree = "<group>";
		};
		D86EFD8B245A72F100809496 /* Products */ = {
			isa = PBXGroup;
			children = (
				D86EFD8A245A72F100809496 /* MovieClub.app */,
			);
			name = Products;
			sourceTree = "<group>";
		};
		D86EFD8C245A72F100809496 /* MovieClub */ = {
			isa = PBXGroup;
			children = (
				D86EFD8D245A72F100809496 /* AppDelegate.swift */,
				D86EFD8F245A72F100809496 /* SceneDelegate.swift */,
				D86EFD91245A72F100809496 /* ViewController.swift */,
				D86EFD99245A72F400809496 /* Assets.xcassets */,
				D86EFDA4245A9B6900809496 /* Main.storyboard */,
<<<<<<< HEAD
				C17F09E2245CBA5100C814A2 /* CommunityViewController.swift */,
=======
>>>>>>> master
				D86EFD9B245A72F400809496 /* LaunchScreen.storyboard */,
				D86EFD9E245A72F400809496 /* Info.plist */,
				D86EFD96245A72F100809496 /* MovieClub.xcdatamodeld */,
			);
			path = MovieClub;
			sourceTree = "<group>";
		};
/* End PBXGroup section */

/* Begin PBXNativeTarget section */
		D86EFD89245A72F100809496 /* MovieClub */ = {
			isa = PBXNativeTarget;
			buildConfigurationList = D86EFDA1245A72F400809496 /* Build configuration list for PBXNativeTarget "MovieClub" */;
			buildPhases = (
				D86EFD86245A72F100809496 /* Sources */,
				D86EFD87245A72F100809496 /* Frameworks */,
				D86EFD88245A72F100809496 /* Resources */,
			);
			buildRules = (
			);
			dependencies = (
			);
			name = MovieClub;
			productName = MovieClub;
			productReference = D86EFD8A245A72F100809496 /* MovieClub.app */;
			productType = "com.apple.product-type.application";
		};
/* End PBXNativeTarget section */

/* Begin PBXProject section */
		D86EFD82245A72F100809496 /* Project object */ = {
			isa = PBXProject;
			attributes = {
				LastSwiftUpdateCheck = 1140;
				LastUpgradeCheck = 1140;
				ORGANIZATIONNAME = "Jinqi Li";
				TargetAttributes = {
					D86EFD89245A72F100809496 = {
						CreatedOnToolsVersion = 11.4.1;
					};
				};
			};
			buildConfigurationList = D86EFD85245A72F100809496 /* Build configuration list for PBXProject "MovieClub" */;
			compatibilityVersion = "Xcode 9.3";
			developmentRegion = en;
			hasScannedForEncodings = 0;
			knownRegions = (
				en,
				Base,
			);
			mainGroup = D86EFD81245A72F100809496;
			productRefGroup = D86EFD8B245A72F100809496 /* Products */;
			projectDirPath = "";
			projectRoot = "";
			targets = (
				D86EFD89245A72F100809496 /* MovieClub */,
			);
		};
/* End PBXProject section */

/* Begin PBXResourcesBuildPhase section */
		D86EFD88245A72F100809496 /* Resources */ = {
			isa = PBXResourcesBuildPhase;
			buildActionMask = 2147483647;
			files = (
				D86EFDA5245A9B6900809496 /* Main.storyboard in Resources */,
				D86EFD9D245A72F400809496 /* LaunchScreen.storyboard in Resources */,
				D86EFD9A245A72F400809496 /* Assets.xcassets in Resources */,
			);
			runOnlyForDeploymentPostprocessing = 0;
		};
/* End PBXResourcesBuildPhase section */

/* Begin PBXSourcesBuildPhase section */
		D86EFD86245A72F100809496 /* Sources */ = {
			isa = PBXSourcesBuildPhase;
			buildActionMask = 2147483647;
			files = (
				D86EFD98245A72F100809496 /* MovieClub.xcdatamodeld in Sources */,
				D86EFD92245A72F100809496 /* ViewController.swift in Sources */,
				D86EFD8E245A72F100809496 /* AppDelegate.swift in Sources */,
<<<<<<< HEAD
				C17F09E3245CBA5100C814A2 /* CommunityViewController.swift in Sources */,
=======
>>>>>>> master
				D86EFD90245A72F100809496 /* SceneDelegate.swift in Sources */,
			);
			runOnlyForDeploymentPostprocessing = 0;
		};
/* End PBXSourcesBuildPhase section */

/* Begin PBXVariantGroup section */
		D86EFD9B245A72F400809496 /* LaunchScreen.storyboard */ = {
			isa = PBXVariantGroup;
			children = (
				D86EFD9C245A72F400809496 /* Base */,
			);
			name = LaunchScreen.storyboard;
			sourceTree = "<group>";
		};
/* End PBXVariantGroup section */

/* Begin XCBuildConfiguration section */
		D86EFD9F245A72F400809496 /* Debug */ = {
			isa = XCBuildConfiguration;
			buildSettings = {
				ALWAYS_SEARCH_USER_PATHS = NO;
				CLANG_ANALYZER_NONNULL = YES;
				CLANG_ANALYZER_NUMBER_OBJECT_CONVERSION = YES_AGGRESSIVE;
				CLANG_CXX_LANGUAGE_STANDARD = "gnu++14";
				CLANG_CXX_LIBRARY = "libc++";
				CLANG_ENABLE_MODULES = YES;
				CLANG_ENABLE_OBJC_ARC = YES;
				CLANG_ENABLE_OBJC_WEAK = YES;
				CLANG_WARN_BLOCK_CAPTURE_AUTORELEASING = YES;
				CLANG_WARN_BOOL_CONVERSION = YES;
				CLANG_WARN_COMMA = YES;
				CLANG_WARN_CONSTANT_CONVERSION = YES;
				CLANG_WARN_DEPRECATED_OBJC_IMPLEMENTATIONS = YES;
				CLANG_WARN_DIRECT_OBJC_ISA_USAGE = YES_ERROR;
				CLANG_WARN_DOCUMENTATION_COMMENTS = YES;
				CLANG_WARN_EMPTY_BODY = YES;
				CLANG_WARN_ENUM_CONVERSION = YES;
				CLANG_WARN_INFINITE_RECURSION = YES;
				CLANG_WARN_INT_CONVERSION = YES;
				CLANG_WARN_NON_LITERAL_NULL_CONVERSION = YES;
				CLANG_WARN_OBJC_IMPLICIT_RETAIN_SELF = YES;
				CLANG_WARN_OBJC_LITERAL_CONVERSION = YES;
				CLANG_WARN_OBJC_ROOT_CLASS = YES_ERROR;
				CLANG_WARN_RANGE_LOOP_ANALYSIS = YES;
				CLANG_WARN_STRICT_PROTOTYPES = YES;
				CLANG_WARN_SUSPICIOUS_MOVE = YES;
				CLANG_WARN_UNGUARDED_AVAILABILITY = YES_AGGRESSIVE;
				CLANG_WARN_UNREACHABLE_CODE = YES;
				CLANG_WARN__DUPLICATE_METHOD_MATCH = YES;
				COPY_PHASE_STRIP = NO;
				DEBUG_INFORMATION_FORMAT = dwarf;
				ENABLE_STRICT_OBJC_MSGSEND = YES;
				ENABLE_TESTABILITY = YES;
				GCC_C_LANGUAGE_STANDARD = gnu11;
				GCC_DYNAMIC_NO_PIC = NO;
				GCC_NO_COMMON_BLOCKS = YES;
				GCC_OPTIMIZATION_LEVEL = 0;
				GCC_PREPROCESSOR_DEFINITIONS = (
					"DEBUG=1",
					"$(inherited)",
				);
				GCC_WARN_64_TO_32_BIT_CONVERSION = YES;
				GCC_WARN_ABOUT_RETURN_TYPE = YES_ERROR;
				GCC_WARN_UNDECLARED_SELECTOR = YES;
				GCC_WARN_UNINITIALIZED_AUTOS = YES_AGGRESSIVE;
				GCC_WARN_UNUSED_FUNCTION = YES;
				GCC_WARN_UNUSED_VARIABLE = YES;
				IPHONEOS_DEPLOYMENT_TARGET = 13.4;
				MTL_ENABLE_DEBUG_INFO = INCLUDE_SOURCE;
				MTL_FAST_MATH = YES;
				ONLY_ACTIVE_ARCH = YES;
				SDKROOT = iphoneos;
				SWIFT_ACTIVE_COMPILATION_CONDITIONS = DEBUG;
				SWIFT_OPTIMIZATION_LEVEL = "-Onone";
			};
			name = Debug;
		};
		D86EFDA0245A72F400809496 /* Release */ = {
			isa = XCBuildConfiguration;
			buildSettings = {
				ALWAYS_SEARCH_USER_PATHS = NO;
				CLANG_ANALYZER_NONNULL = YES;
				CLANG_ANALYZER_NUMBER_OBJECT_CONVERSION = YES_AGGRESSIVE;
				CLANG_CXX_LANGUAGE_STANDARD = "gnu++14";
				CLANG_CXX_LIBRARY = "libc++";
				CLANG_ENABLE_MODULES = YES;
				CLANG_ENABLE_OBJC_ARC = YES;
				CLANG_ENABLE_OBJC_WEAK = YES;
				CLANG_WARN_BLOCK_CAPTURE_AUTORELEASING = YES;
				CLANG_WARN_BOOL_CONVERSION = YES;
				CLANG_WARN_COMMA = YES;
				CLANG_WARN_CONSTANT_CONVERSION = YES;
				CLANG_WARN_DEPRECATED_OBJC_IMPLEMENTATIONS = YES;
				CLANG_WARN_DIRECT_OBJC_ISA_USAGE = YES_ERROR;
				CLANG_WARN_DOCUMENTATION_COMMENTS = YES;
				CLANG_WARN_EMPTY_BODY = YES;
				CLANG_WARN_ENUM_CONVERSION = YES;
				CLANG_WARN_INFINITE_RECURSION = YES;
				CLANG_WARN_INT_CONVERSION = YES;
				CLANG_WARN_NON_LITERAL_NULL_CONVERSION = YES;
				CLANG_WARN_OBJC_IMPLICIT_RETAIN_SELF = YES;
				CLANG_WARN_OBJC_LITERAL_CONVERSION = YES;
				CLANG_WARN_OBJC_ROOT_CLASS = YES_ERROR;
				CLANG_WARN_RANGE_LOOP_ANALYSIS = YES;
				CLANG_WARN_STRICT_PROTOTYPES = YES;
				CLANG_WARN_SUSPICIOUS_MOVE = YES;
				CLANG_WARN_UNGUARDED_AVAILABILITY = YES_AGGRESSIVE;
				CLANG_WARN_UNREACHABLE_CODE = YES;
				CLANG_WARN__DUPLICATE_METHOD_MATCH = YES;
				COPY_PHASE_STRIP = NO;
				DEBUG_INFORMATION_FORMAT = "dwarf-with-dsym";
				ENABLE_NS_ASSERTIONS = NO;
				ENABLE_STRICT_OBJC_MSGSEND = YES;
				GCC_C_LANGUAGE_STANDARD = gnu11;
				GCC_NO_COMMON_BLOCKS = YES;
				GCC_WARN_64_TO_32_BIT_CONVERSION = YES;
				GCC_WARN_ABOUT_RETURN_TYPE = YES_ERROR;
				GCC_WARN_UNDECLARED_SELECTOR = YES;
				GCC_WARN_UNINITIALIZED_AUTOS = YES_AGGRESSIVE;
				GCC_WARN_UNUSED_FUNCTION = YES;
				GCC_WARN_UNUSED_VARIABLE = YES;
				IPHONEOS_DEPLOYMENT_TARGET = 13.4;
				MTL_ENABLE_DEBUG_INFO = NO;
				MTL_FAST_MATH = YES;
				SDKROOT = iphoneos;
				SWIFT_COMPILATION_MODE = wholemodule;
				SWIFT_OPTIMIZATION_LEVEL = "-O";
				VALIDATE_PRODUCT = YES;
			};
			name = Release;
		};
		D86EFDA2245A72F400809496 /* Debug */ = {
			isa = XCBuildConfiguration;
			buildSettings = {
				ASSETCATALOG_COMPILER_APPICON_NAME = AppIcon;
				CODE_SIGN_STYLE = Automatic;
				DEVELOPMENT_TEAM = LY3Q8QW3C2;
				INFOPLIST_FILE = MovieClub/Info.plist;
<<<<<<< HEAD
				IPHONEOS_DEPLOYMENT_TARGET = 13.0;
=======
>>>>>>> master
				LD_RUNPATH_SEARCH_PATHS = (
					"$(inherited)",
					"@executable_path/Frameworks",
				);
				PRODUCT_BUNDLE_IDENTIFIER = com.test.MovieClub;
				PRODUCT_NAME = "$(TARGET_NAME)";
				SWIFT_VERSION = 5.0;
<<<<<<< HEAD
				TARGETED_DEVICE_FAMILY = 1;
=======
				TARGETED_DEVICE_FAMILY = "1,2";
>>>>>>> master
			};
			name = Debug;
		};
		D86EFDA3245A72F400809496 /* Release */ = {
			isa = XCBuildConfiguration;
			buildSettings = {
				ASSETCATALOG_COMPILER_APPICON_NAME = AppIcon;
				CODE_SIGN_STYLE = Automatic;
				DEVELOPMENT_TEAM = LY3Q8QW3C2;
				INFOPLIST_FILE = MovieClub/Info.plist;
<<<<<<< HEAD
				IPHONEOS_DEPLOYMENT_TARGET = 13.0;
=======
>>>>>>> master
				LD_RUNPATH_SEARCH_PATHS = (
					"$(inherited)",
					"@executable_path/Frameworks",
				);
				PRODUCT_BUNDLE_IDENTIFIER = com.test.MovieClub;
				PRODUCT_NAME = "$(TARGET_NAME)";
				SWIFT_VERSION = 5.0;
<<<<<<< HEAD
				TARGETED_DEVICE_FAMILY = 1;
=======
				TARGETED_DEVICE_FAMILY = "1,2";
>>>>>>> master
			};
			name = Release;
		};
/* End XCBuildConfiguration section */

/* Begin XCConfigurationList section */
		D86EFD85245A72F100809496 /* Build configuration list for PBXProject "MovieClub" */ = {
			isa = XCConfigurationList;
			buildConfigurations = (
				D86EFD9F245A72F400809496 /* Debug */,
				D86EFDA0245A72F400809496 /* Release */,
			);
			defaultConfigurationIsVisible = 0;
			defaultConfigurationName = Release;
		};
		D86EFDA1245A72F400809496 /* Build configuration list for PBXNativeTarget "MovieClub" */ = {
			isa = XCConfigurationList;
			buildConfigurations = (
				D86EFDA2245A72F400809496 /* Debug */,
				D86EFDA3245A72F400809496 /* Release */,
			);
			defaultConfigurationIsVisible = 0;
			defaultConfigurationName = Release;
		};
/* End XCConfigurationList section */

/* Begin XCVersionGroup section */
		D86EFD96245A72F100809496 /* MovieClub.xcdatamodeld */ = {
			isa = XCVersionGroup;
			children = (
				D86EFD97245A72F100809496 /* MovieClub.xcdatamodel */,
			);
			currentVersion = D86EFD97245A72F100809496 /* MovieClub.xcdatamodel */;
			path = MovieClub.xcdatamodeld;
			sourceTree = "<group>";
			versionGroupType = wrapper.xcdatamodel;
		};
/* End XCVersionGroup section */
	};
	rootObject = D86EFD82245A72F100809496 /* Project object */;
}
